// !$*UTF8*$!
{
	archiveVersion = 1;
	classes = {
	};
	objectVersion = 50;
	objects = {

/* Begin PBXBuildFile section */
		3A2E23DE2682CC3700CC75D2 /* SelfIntroduction.swift in Sources */ = {isa = PBXBuildFile; fileRef = 3A2E23DD2682CC3700CC75D2 /* SelfIntroduction.swift */; };
		3A8DDC6A2682C18B008620A5 /* Introduction_AppApp.swift in Sources */ = {isa = PBXBuildFile; fileRef = 3A8DDC692682C18B008620A5 /* Introduction_AppApp.swift */; };
		3A8DDC6C2682C18B008620A5 /* ContentView.swift in Sources */ = {isa = PBXBuildFile; fileRef = 3A8DDC6B2682C18B008620A5 /* ContentView.swift */; };
		3A8DDC6E2682C18E008620A5 /* Assets.xcassets in Resources */ = {isa = PBXBuildFile; fileRef = 3A8DDC6D2682C18E008620A5 /* Assets.xcassets */; };
		3A8DDC712682C18E008620A5 /* Preview Assets.xcassets in Resources */ = {isa = PBXBuildFile; fileRef = 3A8DDC702682C18E008620A5 /* Preview Assets.xcassets */; };
		3A8DDC792682C4AC008620A5 /* Main.swift in Sources */ = {isa = PBXBuildFile; fileRef = 3A8DDC782682C4AC008620A5 /* Main.swift */; };
/* End PBXBuildFile section */

/* Begin PBXFileReference section */
		3A2E23DD2682CC3700CC75D2 /* SelfIntroduction.swift */ = {isa = PBXFileReference; lastKnownFileType = sourcecode.swift; path = SelfIntroduction.swift; sourceTree = "<group>"; };
		3A8DDC662682C18B008620A5 /* Introduction App.app */ = {isa = PBXFileReference; explicitFileType = wrapper.application; includeInIndex = 0; path = "Introduction App.app"; sourceTree = BUILT_PRODUCTS_DIR; };
		3A8DDC692682C18B008620A5 /* Introduction_AppApp.swift */ = {isa = PBXFileReference; lastKnownFileType = sourcecode.swift; path = Introduction_AppApp.swift; sourceTree = "<group>"; };
		3A8DDC6B2682C18B008620A5 /* ContentView.swift */ = {isa = PBXFileReference; lastKnownFileType = sourcecode.swift; path = ContentView.swift; sourceTree = "<group>"; };
		3A8DDC6D2682C18E008620A5 /* Assets.xcassets */ = {isa = PBXFileReference; lastKnownFileType = folder.assetcatalog; path = Assets.xcassets; sourceTree = "<group>"; };
		3A8DDC702682C18E008620A5 /* Preview Assets.xcassets */ = {isa = PBXFileReference; lastKnownFileType = folder.assetcatalog; path = "Preview Assets.xcassets"; sourceTree = "<group>"; };
		3A8DDC722682C18E008620A5 /* Info.plist */ = {isa = PBXFileReference; lastKnownFileType = text.plist.xml; path = Info.plist; sourceTree = "<group>"; };
		3A8DDC782682C4AC008620A5 /* Main.swift */ = {isa = PBXFileReference; lastKnownFileType = sourcecode.swift; path = Main.swift; sourceTree = "<group>"; };
/* End PBXFileReference section */

/* Begin PBXFrameworksBuildPhase section */
		3A8DDC632682C18B008620A5 /* Frameworks */ = {
			isa = PBXFrameworksBuildPhase;
			buildActionMask = 2147483647;
			files = (
			);
			runOnlyForDeploymentPostprocessing = 0;
		};
/* End PBXFrameworksBuildPhase section */

/* Begin PBXGroup section */
		3A8DDC5D2682C18B008620A5 = {
			isa = PBXGroup;
			children = (
				3A8DDC682682C18B008620A5 /* Introduction App */,
				3A8DDC672682C18B008620A5 /* Products */,
			);
			sourceTree = "<group>";
		};
		3A8DDC672682C18B008620A5 /* Products */ = {
			isa = PBXGroup;
			children = (
				3A8DDC662682C18B008620A5 /* Introduction App.app */,
			);
			name = Products;
			sourceTree = "<group>";
		};
		3A8DDC682682C18B008620A5 /* Introduction App */ = {
			isa = PBXGroup;
			children = (
				3A8DDC692682C18B008620A5 /* Introduction_AppApp.swift */,
				3A8DDC6B2682C18B008620A5 /* ContentView.swift */,
				3A2E23DD2682CC3700CC75D2 /* SelfIntroduction.swift */,
				3A8DDC782682C4AC008620A5 /* Main.swift */,
				3A8DDC6D2682C18E008620A5 /* Assets.xcassets */,
				3A8DDC722682C18E008620A5 /* Info.plist */,
				3A8DDC6F2682C18E008620A5 /* Preview Content */,
			);
			path = "Introduction App";
			sourceTree = "<group>";
		};
		3A8DDC6F2682C18E008620A5 /* Preview Content */ = {
			isa = PBXGroup;
			children = (
				3A8DDC702682C18E008620A5 /* Preview Assets.xcassets */,
			);
			path = "Preview Content";
			sourceTree = "<group>";
		};
/* End PBXGroup section */

/* Begin PBXNativeTarget section */
		3A8DDC652682C18B008620A5 /* Introduction App */ = {
			isa = PBXNativeTarget;
			buildConfigurationList = 3A8DDC752682C18E008620A5 /* Build configuration list for PBXNativeTarget "Introduction App" */;
			buildPhases = (
				3A8DDC622682C18B008620A5 /* Sources */,
				3A8DDC632682C18B008620A5 /* Frameworks */,
				3A8DDC642682C18B008620A5 /* Resources */,
			);
			buildRules = (
			);
			dependencies = (
			);
			name = "Introduction App";
			productName = "Introduction App";
			productReference = 3A8DDC662682C18B008620A5 /* Introduction App.app */;
			productType = "com.apple.product-type.application";
		};
/* End PBXNativeTarget section */

/* Begin PBXProject section */
		3A8DDC5E2682C18B008620A5 /* Project object */ = {
			isa = PBXProject;
			attributes = {
				LastSwiftUpdateCheck = 1250;
				LastUpgradeCheck = 1250;
				TargetAttributes = {
					3A8DDC652682C18B008620A5 = {
						CreatedOnToolsVersion = 12.5;
					};
				};
			};
			buildConfigurationList = 3A8DDC612682C18B008620A5 /* Build configuration list for PBXProject "Introduction App" */;
			compatibilityVersion = "Xcode 9.3";
			developmentRegion = en;
			hasScannedForEncodings = 0;
			knownRegions = (
				en,
				Base,
			);
			mainGroup = 3A8DDC5D2682C18B008620A5;
			productRefGroup = 3A8DDC672682C18B008620A5 /* Products */;
			projectDirPath = "";
			projectRoot = "";
			targets = (
				3A8DDC652682C18B008620A5 /* Introduction App */,
			);
		};
/* End PBXProject section */

/* Begin PBXResourcesBuildPhase section */
		3A8DDC642682C18B008620A5 /* Resources */ = {
			isa = PBXResourcesBuildPhase;
			buildActionMask = 2147483647;
			files = (
				3A8DDC712682C18E008620A5 /* Preview Assets.xcassets in Resources */,
				3A8DDC6E2682C18E008620A5 /* Assets.xcassets in Resources */,
			);
			runOnlyForDeploymentPostprocessing = 0;
		};
/* End PBXResourcesBuildPhase section */

/* Begin PBXSourcesBuildPhase section */
		3A8DDC622682C18B008620A5 /* Sources */ = {
			isa = PBXSourcesBuildPhase;
			buildActionMask = 2147483647;
			files = (
				3A8DDC792682C4AC008620A5 /* Main.swift in Sources */,
				3A2E23DE2682CC3700CC75D2 /* SelfIntroduction.swift in Sources */,
				3A8DDC6C2682C18B008620A5 /* ContentView.swift in Sources */,
				3A8DDC6A2682C18B008620A5 /* Introduction_AppApp.swift in Sources */,
			);
			runOnlyForDeploymentPostprocessing = 0;
		};
/* End PBXSourcesBuildPhase section */

/* Begin XCBuildConfiguration section */
		3A8DDC732682C18E008620A5 /* Debug */ = {
			isa = XCBuildConfiguration;
			buildSettings = {
				ALWAYS_SEARCH_USER_PATHS = NO;
				CLANG_ANALYZER_NONNULL = YES;
				CLANG_ANALYZER_NUMBER_OBJECT_CONVERSION = YES_AGGRESSIVE;
				CLANG_CXX_LANGUAGE_STANDARD = "gnu++14";
				CLANG_CXX_LIBRARY = "libc++";
				CLANG_ENABLE_MODULES = YES;
				CLANG_ENABLE_OBJC_ARC = YES;
				CLANG_ENABLE_OBJC_WEAK = YES;
				CLANG_WARN_BLOCK_CAPTURE_AUTORELEASING = YES;
				CLANG_WARN_BOOL_CONVERSION = YES;
				CLANG_WARN_COMMA = YES;
				CLANG_WARN_CONSTANT_CONVERSION = YES;
				CLANG_WARN_DEPRECATED_OBJC_IMPLEMENTATIONS = YES;
				CLANG_WARN_DIRECT_OBJC_ISA_USAGE = YES_ERROR;
				CLANG_WARN_DOCUMENTATION_COMMENTS = YES;
				CLANG_WARN_EMPTY_BODY = YES;
				CLANG_WARN_ENUM_CONVERSION = YES;
				CLANG_WARN_INFINITE_RECURSION = YES;
				CLANG_WARN_INT_CONVERSION = YES;
				CLANG_WARN_NON_LITERAL_NULL_CONVERSION = YES;
				CLANG_WARN_OBJC_IMPLICIT_RETAIN_SELF = YES;
				CLANG_WARN_OBJC_LITERAL_CONVERSION = YES;
				CLANG_WARN_OBJC_ROOT_CLASS = YES_ERROR;
				CLANG_WARN_QUOTED_INCLUDE_IN_FRAMEWORK_HEADER = YES;
				CLANG_WARN_RANGE_LOOP_ANALYSIS = YES;
				CLANG_WARN_STRICT_PROTOTYPES = YES;
				CLANG_WARN_SUSPICIOUS_MOVE = YES;
				CLANG_WARN_UNGUARDED_AVAILABILITY = YES_AGGRESSIVE;
				CLANG_WARN_UNREACHABLE_CODE = YES;
				CLANG_WARN__DUPLICATE_METHOD_MATCH = YES;
				COPY_PHASE_STRIP = NO;
				DEBUG_INFORMATION_FORMAT = dwarf;
				ENABLE_STRICT_OBJC_MSGSEND = YES;
				ENABLE_TESTABILITY = YES;
				GCC_C_LANGUAGE_STANDARD = gnu11;
				GCC_DYNAMIC_NO_PIC = NO;
				GCC_NO_COMMON_BLOCKS = YES;
				GCC_OPTIMIZATION_LEVEL = 0;
				GCC_PREPROCESSOR_DEFINITIONS = (
					"DEBUG=1",
					"$(inherited)",
				);
				GCC_WARN_64_TO_32_BIT_CONVERSION = YES;
				GCC_WARN_ABOUT_RETURN_TYPE = YES_ERROR;
				GCC_WARN_UNDECLARED_SELECTOR = YES;
				GCC_WARN_UNINITIALIZED_AUTOS = YES_AGGRESSIVE;
				GCC_WARN_UNUSED_FUNCTION = YES;
				GCC_WARN_UNUSED_VARIABLE = YES;
				IPHONEOS_DEPLOYMENT_TARGET = 14.5;
				MTL_ENABLE_DEBUG_INFO = INCLUDE_SOURCE;
				MTL_FAST_MATH = YES;
				ONLY_ACTIVE_ARCH = YES;
				SDKROOT = iphoneos;
				SWIFT_ACTIVE_COMPILATION_CONDITIONS = DEBUG;
				SWIFT_OPTIMIZATION_LEVEL = "-Onone";
			};
			name = Debug;
		};
		3A8DDC742682C18E008620A5 /* Release */ = {
			isa = XCBuildConfiguration;
			buildSettings = {
				ALWAYS_SEARCH_USER_PATHS = NO;
				CLANG_ANALYZER_NONNULL = YES;
				CLANG_ANALYZER_NUMBER_OBJECT_CONVERSION = YES_AGGRESSIVE;
				CLANG_CXX_LANGUAGE_STANDARD = "gnu++14";
				CLANG_CXX_LIBRARY = "libc++";
				CLANG_ENABLE_MODULES = YES;
				CLANG_ENABLE_OBJC_ARC = YES;
				CLANG_ENABLE_OBJC_WEAK = YES;
				CLANG_WARN_BLOCK_CAPTURE_AUTORELEASING = YES;
				CLANG_WARN_BOOL_CONVERSION = YES;
				CLANG_WARN_COMMA = YES;
				CLANG_WARN_CONSTANT_CONVERSION = YES;
				CLANG_WARN_DEPRECATED_OBJC_IMPLEMENTATIONS = YES;
				CLANG_WARN_DIRECT_OBJC_ISA_USAGE = YES_ERROR;
				CLANG_WARN_DOCUMENTATION_COMMENTS = YES;
				CLANG_WARN_EMPTY_BODY = YES;
				CLANG_WARN_ENUM_CONVERSION = YES;
				CLANG_WARN_INFINITE_RECURSION = YES;
				CLANG_WARN_INT_CONVERSION = YES;
				CLANG_WARN_NON_LITERAL_NULL_CONVERSION = YES;
				CLANG_WARN_OBJC_IMPLICIT_RETAIN_SELF = YES;
				CLANG_WARN_OBJC_LITERAL_CONVERSION = YES;
				CLANG_WARN_OBJC_ROOT_CLASS = YES_ERROR;
				CLANG_WARN_QUOTED_INCLUDE_IN_FRAMEWORK_HEADER = YES;
				CLANG_WARN_RANGE_LOOP_ANALYSIS = YES;
				CLANG_WARN_STRICT_PROTOTYPES = YES;
				CLANG_WARN_SUSPICIOUS_MOVE = YES;
				CLANG_WARN_UNGUARDED_AVAILABILITY = YES_AGGRESSIVE;
				CLANG_WARN_UNREACHABLE_CODE = YES;
				CLANG_WARN__DUPLICATE_METHOD_MATCH = YES;
				COPY_PHASE_STRIP = NO;
				DEBUG_INFORMATION_FORMAT = "dwarf-with-dsym";
				ENABLE_NS_ASSERTIONS = NO;
				ENABLE_STRICT_OBJC_MSGSEND = YES;
				GCC_C_LANGUAGE_STANDARD = gnu11;
				GCC_NO_COMMON_BLOCKS = YES;
				GCC_WARN_64_TO_32_BIT_CONVERSION = YES;
				GCC_WARN_ABOUT_RETURN_TYPE = YES_ERROR;
				GCC_WARN_UNDECLARED_SELECTOR = YES;
				GCC_WARN_UNINITIALIZED_AUTOS = YES_AGGRESSIVE;
				GCC_WARN_UNUSED_FUNCTION = YES;
				GCC_WARN_UNUSED_VARIABLE = YES;
				IPHONEOS_DEPLOYMENT_TARGET = 14.5;
				MTL_ENABLE_DEBUG_INFO = NO;
				MTL_FAST_MATH = YES;
				SDKROOT = iphoneos;
				SWIFT_COMPILATION_MODE = wholemodule;
				SWIFT_OPTIMIZATION_LEVEL = "-O";
				VALIDATE_PRODUCT = YES;
			};
			name = Release;
		};
		3A8DDC762682C18E008620A5 /* Debug */ = {
			isa = XCBuildConfiguration;
			buildSettings = {
				ASSETCATALOG_COMPILER_APPICON_NAME = AppIcon;
				ASSETCATALOG_COMPILER_GLOBAL_ACCENT_COLOR_NAME = AccentColor;
				CODE_SIGN_STYLE = Automatic;
				DEVELOPMENT_ASSET_PATHS = "\"Introduction App/Preview Content\"";
				DEVELOPMENT_TEAM = Z8Y52G2S7V;
				ENABLE_PREVIEWS = YES;
				INFOPLIST_FILE = "Introduction App/Info.plist";
				IPHONEOS_DEPLOYMENT_TARGET = 14.0;
				LD_RUNPATH_SEARCH_PATHS = (
					"$(inherited)",
					"@executable_path/Frameworks",
				);
				PRODUCT_BUNDLE_IDENTIFIER = "com.Ang-Jun-Ray.Introduction-App";
				PRODUCT_NAME = "$(TARGET_NAME)";
				SWIFT_VERSION = 5.0;
				TARGETED_DEVICE_FAMILY = "1,2";
			};
			name = Debug;
		};
		3A8DDC772682C18E008620A5 /* Release */ = {
			isa = XCBuildConfiguration;
			buildSettings = {
				ASSETCATALOG_COMPILER_APPICON_NAME = AppIcon;
				ASSETCATALOG_COMPILER_GLOBAL_ACCENT_COLOR_NAME = AccentColor;
				CODE_SIGN_STYLE = Automatic;
				DEVELOPMENT_ASSET_PATHS = "\"Introduction App/Preview Content\"";
				DEVELOPMENT_TEAM = Z8Y52G2S7V;
				ENABLE_PREVIEWS = YES;
				INFOPLIST_FILE = "Introduction App/Info.plist";
				IPHONEOS_DEPLOYMENT_TARGET = 14.0;
				LD_RUNPATH_SEARCH_PATHS = (
					"$(inherited)",
					"@executable_path/Frameworks",
				);
				PRODUCT_BUNDLE_IDENTIFIER = "com.Ang-Jun-Ray.Introduction-App";
				PRODUCT_NAME = "$(TARGET_NAME)";
				SWIFT_VERSION = 5.0;
				TARGETED_DEVICE_FAMILY = "1,2";
			};
			name = Release;
		};
/* End XCBuildConfiguration section */

/* Begin XCConfigurationList section */
		3A8DDC612682C18B008620A5 /* Build configuration list for PBXProject "Introduction App" */ = {
			isa = XCConfigurationList;
			buildConfigurations = (
				3A8DDC732682C18E008620A5 /* Debug */,
				3A8DDC742682C18E008620A5 /* Release */,
			);
			defaultConfigurationIsVisible = 0;
			defaultConfigurationName = Release;
		};
		3A8DDC752682C18E008620A5 /* Build configuration list for PBXNativeTarget "Introduction App" */ = {
			isa = XCConfigurationList;
			buildConfigurations = (
				3A8DDC762682C18E008620A5 /* Debug */,
				3A8DDC772682C18E008620A5 /* Release */,
			);
			defaultConfigurationIsVisible = 0;
			defaultConfigurationName = Release;
		};
/* End XCConfigurationList section */
	};
	rootObject = 3A8DDC5E2682C18B008620A5 /* Project object */;
}
